<?xml version="1.0" encoding="utf-8"?>
<Project ToolsVersion="4.0" xmlns="http://schemas.microsoft.com/developer/msbuild/2003">
  <ItemGroup>
    <Filter Include="Source Files">
      <UniqueIdentifier>{4FC737F1-C7A5-4376-A066-2A32D752A2FF}</UniqueIdentifier>
      <Extensions>cpp;c;cc;cxx;c++;cppm;ixx;def;odl;idl;hpj;bat;asm;asmx</Extensions>
    </Filter>
    <Filter Include="Header Files">
      <UniqueIdentifier>{93995380-89BD-4b04-88EB-625FBE52EBFB}</UniqueIdentifier>
      <Extensions>h;hh;hpp;hxx;h++;hm;inl;inc;ipp;xsd</Extensions>
    </Filter>
    <Filter Include="Resource Files">
      <UniqueIdentifier>{67DA6AB6-F800-4c08-8B7A-83BB121AAD01}</UniqueIdentifier>
      <Extensions>rc;ico;cur;bmp;dlg;rc2;rct;bin;rgs;gif;jpg;jpeg;jpe;resx;tiff;tif;png;wav;mfcribbon-ms</Extensions>
    </Filter>
  </ItemGroup>
  <ItemGroup>
    <ClInclude Include="TAKEnhancedLibrary\include\TAKEnhancedLibrary\common.hpp">
      <Filter>Header Files</Filter>
    </ClInclude>
    <ClInclude Include="TAKEnhancedLibrary\include\TAKEnhancedLibrary\Commands\Command.hpp">
      <Filter>Header Files</Filter>
    </ClInclude>
    <ClInclude Include="TAKEnhancedLibrary\include\TAKEnhancedLibrary\Commands\Params.hpp">
      <Filter>Header Files</Filter>
    </ClInclude>
    <ClInclude Include="TAKEnhancedLibrary\include\TAKEnhancedLibrary\Commands\Param.hpp">
      <Filter>Header Files</Filter>
    </ClInclude>
    <ClInclude Include="TAKEnhancedLibrary\include\TAKEnhancedLibrary\Commands\SelectBuilding\SelectBuildingCommand.hpp">
      <Filter>Header Files</Filter>
    </ClInclude>
    <ClInclude Include="TAKEnhancedLibrary\include\TAKEnhancedLibrary\Commands\SelectBuilding\SelectBuildingCommandStringParser.hpp">
      <Filter>Header Files</Filter>
    </ClInclude>
    <ClInclude Include="TAKEnhancedLibrary\include\TAKEnhancedLibrary\Commands\ICommandStringParser.hpp">
      <Filter>Header Files</Filter>
    </ClInclude>
    <ClInclude Include="TAKEnhancedLibrary\include\TAKEnhancedLibrary\Commands\RotateBuilding\RotateBuildingCommandStringParser.hpp">
      <Filter>Header Files</Filter>
    </ClInclude>
    <ClInclude Include="TAKEnhancedLibrary\include\TAKEnhancedLibrary\Commands\RotateBuilding\RotateBuildingCommand.hpp">
      <Filter>Header Files</Filter>
    </ClInclude>
    <ClInclude Include="TAKEnhancedLibrary\include\TAKEnhancedLibrary\Commands\CommandStringParser.hpp">
      <Filter>Header Files</Filter>
    </ClInclude>
    <ClInclude Include="TAKEnhancedLibrary\include\TAKEnhancedLibrary\Commands\CommandStringParsers.hpp">
      <Filter>Header Files</Filter>
    </ClInclude>
    <ClInclude Include="TAKEnhancedLibrary\include\TAKEnhancedLibrary\Commands\CommandJsonParser.hpp">
      <Filter>Header Files</Filter>
    </ClInclude>
    <ClInclude Include="TAKEnhancedLibrary\include\TAKEnhancedLibrary\Commands\SetUnitStance\SetUnitStanceCommand.hpp">
      <Filter>Header Files</Filter>
    </ClInclude>
    <ClInclude Include="TAKEnhancedLibrary\include\TAKEnhancedLibrary\Commands\SetUnitStance\SetUnitStanceCommandStringParser.hpp">
      <Filter>Header Files</Filter>
    </ClInclude>
    <ClInclude Include="TAKEnhancedLibrary\include\TAKEnhancedLibrary\Keys\Key.hpp">
      <Filter>Header Files</Filter>
    </ClInclude>
    <ClInclude Include="TAKEnhancedLibrary\include\TAKEnhancedLibrary\Keys\KeyCombination.hpp">
      <Filter>Header Files</Filter>
    </ClInclude>
    <ClInclude Include="TAKEnhancedLibrary\include\TAKEnhancedLibrary\Keys\KeyCombinationJsonParser.hpp">
      <Filter>Header Files</Filter>
    </ClInclude>
    <ClInclude Include="TAKEnhancedLibrary\include\TAKEnhancedLibrary\Keys\KeyCombinationStringParser.hpp">
      <Filter>Header Files</Filter>
    </ClInclude>
    <ClInclude Include="TAKEnhancedLibrary\include\TAKEnhancedLibrary\Keys\Keys.hpp">
      <Filter>Header Files</Filter>
    </ClInclude>
    <ClInclude Include="TAKEnhancedLibrary\include\TAKEnhancedLibrary\KeyBinding.hpp">
      <Filter>Header Files</Filter>
    </ClInclude>
    <ClInclude Include="TAKEnhancedLibrary\include\TAKEnhancedLibrary\Keys\KeyComparator.hpp">
      <Filter>Header Files</Filter>
    </ClInclude>
    <ClInclude Include="TAKEnhancedLibrary\include\TAKEnhancedLibrary\Players\Player.hpp">
      <Filter>Header Files</Filter>
    </ClInclude>
    <ClInclude Include="TAKEnhancedLibrary\include\TAKEnhancedLibrary\Units\Unit.hpp">
      <Filter>Header Files</Filter>
    </ClInclude>
    <ClInclude Include="TAKEnhancedLibrary\include\TAKEnhancedLibrary\Players\Players.hpp">
      <Filter>Header Files</Filter>
    </ClInclude>
    <ClInclude Include="TAKEnhancedLibrary\include\TAKEnhancedLibrary\Units\Units.hpp">
      <Filter>Header Files</Filter>
    </ClInclude>
    <ClInclude Include="TAKEnhancedLibrary\include\TAKEnhancedLibrary\Graphics\Graphics.hpp">
      <Filter>Header Files</Filter>
    </ClInclude>
    <ClInclude Include="TAKEnhancedLibrary\include\TAKEnhancedLibrary\Configs\CustomizableHpBarsSettings.hpp">
      <Filter>Header Files</Filter>
    </ClInclude>
    <ClInclude Include="TAKEnhancedLibrary\include\TAKEnhancedLibrary\Configs\GameSetting.hpp">
      <Filter>Header Files</Filter>
    </ClInclude>
    <ClInclude Include="TAKEnhancedLibrary\include\TAKEnhancedLibrary\Graphics\HpBarRenderer.hpp">
      <Filter>Header Files</Filter>
    </ClInclude>
    <ClInclude Include="TAKEnhancedLibrary\include\TAKEnhancedLibrary\Commands\RetrieveSquad\RetrieveSquadCommand.hpp">
      <Filter>Header Files</Filter>
    </ClInclude>
    <ClInclude Include="TAKEnhancedLibrary\include\TAKEnhancedLibrary\Commands\RetrieveSquad\RetrieveSquadCommandStringParser.hpp">
      <Filter>Header Files</Filter>
    </ClInclude>
    <ClInclude Include="TAKEnhancedLibrary\include\TAKEnhancedLibrary\Commands\Commands.hpp">
      <Filter>Header Files</Filter>
    </ClInclude>
    <ClInclude Include="TAKEnhancedLibrary\include\TAKEnhancedLibrary\Match\Match.hpp">
      <Filter>Header Files</Filter>
    </ClInclude>
    <ClInclude Include="TAKEnhancedLibrary\include\TAKEnhancedLibrary\Commands\RetrieveSquadAdd\RetrieveSquadAddCommandStringParser.hpp">
      <Filter>Header Files</Filter>
    </ClInclude>
    <ClInclude Include="TAKEnhancedLibrary\include\TAKEnhancedLibrary\Commands\RetrieveSquadAdd\RetrieveSquadAddCommand.hpp">
      <Filter>Header Files</Filter>
    </ClInclude>
    <ClInclude Include="TAKEnhancedLibrary\include\TAKEnhancedLibrary\Commands\CreateSquad\CreateSquadCommandStringParser.hpp">
      <Filter>Header Files</Filter>
    </ClInclude>
    <ClInclude Include="TAKEnhancedLibrary\include\TAKEnhancedLibrary\Commands\CreateSquad\CreateSquadCommand.hpp">
      <Filter>Header Files</Filter>
    </ClInclude>
    <ClInclude Include="TAKEnhancedLibrary\include\TAKEnhancedLibrary\State.hpp">
      <Filter>Header Files</Filter>
    </ClInclude>
    <ClInclude Include="TAKEnhancedLibrary\include\TAKEnhancedLibrary\Players\PlayerPool.hpp">
      <Filter>Header Files</Filter>
    </ClInclude>
  </ItemGroup>
  <ItemGroup>
    <ClCompile Include="TAKEnhancedLibrary\source\Commands\Param.cpp">
      <Filter>Source Files</Filter>
    </ClCompile>
    <ClCompile Include="TAKEnhancedLibrary\source\Commands\Params.cpp">
      <Filter>Source Files</Filter>
    </ClCompile>
    <ClCompile Include="TAKEnhancedLibrary\source\Commands\SelectBuilding\SelectBuildingCommandStringParser.cpp">
      <Filter>Source Files</Filter>
    </ClCompile>
    <ClCompile Include="TAKEnhancedLibrary\source\Commands\RotateBuilding\RotateBuildingCommandStringParser.cpp">
      <Filter>Source Files</Filter>
    </ClCompile>
    <ClCompile Include="TAKEnhancedLibrary\source\Commands\RotateBuilding\RotateBuildingCommand.cpp">
      <Filter>Source Files</Filter>
    </ClCompile>
    <ClCompile Include="TAKEnhancedLibrary\source\Commands\CommandStringParser.cpp">
      <Filter>Source Files</Filter>
    </ClCompile>
    <ClCompile Include="TAKEnhancedLibrary\source\Commands\CommandStringParsers.cpp">
      <Filter>Source Files</Filter>
    </ClCompile>
    <ClCompile Include="TAKEnhancedLibrary\source\Commands\CommandJsonParser.cpp">
      <Filter>Source Files</Filter>
    </ClCompile>
    <ClCompile Include="TAKEnhancedLibrary\source\Commands\SetUnitStance\SetUnitStanceCommand.cpp">
      <Filter>Source Files</Filter>
    </ClCompile>
    <ClCompile Include="TAKEnhancedLibrary\source\Commands\SetUnitStance\SetUnitStanceCommandStringParser.cpp">
      <Filter>Source Files</Filter>
    </ClCompile>
    <ClCompile Include="TAKEnhancedLibrary\source\Keys\Keys.cpp">
      <Filter>Source Files</Filter>
    </ClCompile>
    <ClCompile Include="TAKEnhancedLibrary\source\Keys\KeyCombination.cpp">
      <Filter>Source Files</Filter>
    </ClCompile>
    <ClCompile Include="TAKEnhancedLibrary\source\Keys\KeyCombinationJsonParser.cpp">
      <Filter>Source Files</Filter>
    </ClCompile>
    <ClCompile Include="TAKEnhancedLibrary\source\Keys\KeyCombinationStringParser.cpp">
      <Filter>Source Files</Filter>
    </ClCompile>
    <ClCompile Include="TAKEnhancedLibrary\source\Keys\KeyComparator.cpp">
      <Filter>Source Files</Filter>
    </ClCompile>
    <ClCompile Include="TAKEnhancedLibrary\source\Units\Unit.cpp">
      <Filter>Source Files</Filter>
    </ClCompile>
    <ClCompile Include="TAKEnhancedLibrary\source\Players\Player.cpp">
      <Filter>Source Files</Filter>
    </ClCompile>
    <ClCompile Include="TAKEnhancedLibrary\source\Units\Units.cpp">
      <Filter>Source Files</Filter>
    </ClCompile>
    <ClCompile Include="TAKEnhancedLibrary\source\Players\Players.cpp">
      <Filter>Source Files</Filter>
    </ClCompile>
    <ClCompile Include="TAKEnhancedLibrary\source\Graphics\HpBarRenderer.cpp">
      <Filter>Source Files</Filter>
    </ClCompile>
    <ClCompile Include="TAKEnhancedLibrary\source\Graphics\Graphics.cpp">
      <Filter>Source Files</Filter>
    </ClCompile>
    <ClCompile Include="TAKEnhancedLibrary\source\Configs\CustomizableHpBarsSettings.cpp">
      <Filter>Source Files</Filter>
    </ClCompile>
    <ClCompile Include="TAKEnhancedLibrary\source\Commands\RetrieveSquad\RetrieveSquadCommandStringParser.cpp">
      <Filter>Source Files</Filter>
    </ClCompile>
    <ClCompile Include="TAKEnhancedLibrary\source\Commands\Command.cpp">
      <Filter>Source Files</Filter>
    </ClCompile>
    <ClCompile Include="TAKEnhancedLibrary\source\Commands\Commands.cpp">
      <Filter>Source Files</Filter>
    </ClCompile>
    <ClCompile Include="TAKEnhancedLibrary\source\Match\Match.cpp">
      <Filter>Source Files</Filter>
    </ClCompile>
    <ClCompile Include="TAKEnhancedLibrary\source\Commands\RetrieveSquadAdd\RetrieveSquadAddCommandStringParser.cpp">
      <Filter>Source Files</Filter>
    </ClCompile>
    <ClCompile Include="TAKEnhancedLibrary\source\Commands\CreateSquad\CreateSquadCommandStringParser.cpp">
      <Filter>Source Files</Filter>
    </ClCompile>
    <ClCompile Include="TAKEnhancedLibrary\source\State.cpp">
      <Filter>Source Files</Filter>
    </ClCompile>
    <ClCompile Include="TAKEnhancedLibrary\source\Players\PlayerPool.cpp">
      <Filter>Source Files</Filter>
    </ClCompile>
  </ItemGroup>
</Project>