<?xml version="1.0" encoding="utf-8"?>
<Project ToolsVersion="4.0" xmlns="http://schemas.microsoft.com/developer/msbuild/2003">
  <ItemGroup>
    <ResourceCompile Include="resources\TAKEnhanced.dll.rc" />
  </ItemGroup>
  <ItemGroup>
    <None Include="TAKEnhancedLauncher.aps" />
  </ItemGroup>
  <ItemGroup>
    <ClInclude Include="TAKEnhancedLauncher\include\TAKEnhancedLauncher\nana_common.hpp" />
    <ClInclude Include="TAKEnhancedLauncher\include\TAKEnhancedLauncher\Components\e_dialog.hpp" />
    <ClInclude Include="TAKEnhancedLauncher\include\TAKEnhancedLauncher\Components\modal_save_as_preset.hpp" />
    <ClInclude Include="TAKEnhancedLauncher\include\TAKEnhancedLauncher\Components\success_modal.hpp" />
    <ClInclude Include="TAKEnhancedLauncher\include\TAKEnhancedLauncher\main_form.hpp" />
    <ClInclude Include="TAKEnhancedLauncher\include\TAKEnhancedLauncher\tab_pages\tab_page_hp_bars.hpp" />
    <ClInclude Include="TAKEnhancedLauncher\include\TAKEnhancedLauncher\tab_pages\tab_page_keys.hpp" />
    <ClInclude Include="TAKEnhancedLauncher\include\TAKEnhancedLauncher\tab_pages\tab_page_mods.hpp" />
    <ClInclude Include="TAKEnhancedLauncher\include\TAKEnhancedLauncher\tab_pages\tab_page_patches.hpp" />
    <ClInclude Include="resource.h" />
    <ClInclude Include="TAKEnhancedLauncher\include\TAKEnhancedLauncher\Components\e_widget.hpp" />
    <ClInclude Include="TAKEnhancedLauncher\include\TAKEnhancedLauncher\binding.hpp" />
    <ClInclude Include="TAKEnhancedLauncher\include\TAKEnhancedLauncher\tab_pages\e_panel.hpp" />
    <ClInclude Include="TAKEnhancedLauncher\include\TAKEnhancedLauncher\Components\e_mod_loader.hpp" />
  </ItemGroup>
  <ItemGroup>
    <ClCompile Include="TAKEnhancedLauncher\source\main.cpp" />
    <ClCompile Include="TAKEnhancedLauncher\source\main_form.cpp" />
    <ClCompile Include="TAKEnhancedLauncher\source\tab_pages\tab_page_hp_bars.cpp" />
    <ClCompile Include="TAKEnhancedLauncher\source\tab_pages\tab_page_keys.cpp" />
    <ClCompile Include="TAKEnhancedLauncher\source\tab_pages\tab_page_patches.cpp" />
    <ClCompile Include="TAKEnhancedLauncher\source\tab_pages\tab_page_mods.cpp" />
    <ClCompile Include="TAKEnhancedLauncher\source\Components\success_modal.cpp" />
    <ClCompile Include="TAKEnhancedLauncher\source\Components\e_dialog.cpp" />
    <ClCompile Include="TAKEnhancedLauncher\source\Components\modal_save_as_preset.cpp" />
    <ClCompile Include="TAKEnhancedLauncher\source\Components\e_widget.cpp" />
    <ClCompile Include="TAKEnhancedLauncher\source\tab_pages\e_tab_page.cpp" />
    <ClCompile Include="TAKEnhancedLauncher\source\binding.cpp" />
    <ClCompile Include="TAKEnhancedLauncher\source\Components\e_mod_loader.cpp" />
  </ItemGroup>
</Project>