<?xml version="1.0" encoding="utf-8"?>
<Project ToolsVersion="4.0" xmlns="http://schemas.microsoft.com/developer/msbuild/2003">
  <ItemGroup>
    <Filter Include="Headers">
      <UniqueIdentifier>{98e85749-a20f-4dd4-b4a2-280da9da7e91}</UniqueIdentifier>
    </Filter>
    <Filter Include="Sources">
      <UniqueIdentifier>{b91507f3-d71a-4150-ba93-d0bcd61e6565}</UniqueIdentifier>
    </Filter>
  </ItemGroup>
  <ItemGroup>
    <ClInclude Include="include\Utils\common.h">
      <Filter>Headers</Filter>
    </ClInclude>
    <ClInclude Include="include\Utils\VirtualKeys.h">
      <Filter>Headers</Filter>
    </ClInclude>
    <ClInclude Include="include\Utils\JunkCode.h">
      <Filter>Headers</Filter>
    </ClInclude>
    <ClInclude Include="include\Utils\Logger.h">
      <Filter>Headers</Filter>
    </ClInclude>
    <ClInclude Include="include\Utils\HelperFunctions.hpp">
      <Filter>Headers</Filter>
    </ClInclude>
    <ClInclude Include="include\Utils\json.hpp" />
    <ClInclude Include="include\Utils\Console.hpp" />
    <ClInclude Include="include\Utils\CRC.h" />
    <ClInclude Include="include\Utils\Window.hpp" />
    <ClInclude Include="include\Utils\Windows.hpp" />
    <ClInclude Include="include\Utils\Keyboard.hpp" />
  </ItemGroup>
  <ItemGroup>
    <ClCompile Include="source\main.cpp">
      <Filter>Sources</Filter>
    </ClCompile>
    <ClCompile Include="source\HelperFunctions.cpp">
      <Filter>Sources</Filter>
    </ClCompile>
    <ClCompile Include="source\Logger.cpp" />
    <ClCompile Include="source\Console.cpp" />
    <ClCompile Include="source\CopyToClipboard.cpp" />
    <ClCompile Include="source\Window.cpp" />
    <ClCompile Include="source\Keyboard.cpp" />
  </ItemGroup>
  <ItemGroup>
    <None Include="include\Utils\CopyToClipboard.hpp" />
  </ItemGroup>
</Project>