<?xml version="1.0" encoding="utf-8"?>
<Project ToolsVersion="4.0" xmlns="http://schemas.microsoft.com/developer/msbuild/2003">
  <ItemGroup>
    <Filter Include="Models">
      <UniqueIdentifier>{30eeb6aa-a140-4424-852d-87eb390301e2}</UniqueIdentifier>
    </Filter>
    <Filter Include="ModelsExtensions">
      <UniqueIdentifier>{563706ab-2a0c-4f95-ae49-898ec53a0002}</UniqueIdentifier>
    </Filter>
    <Filter Include="Models\UI">
      <UniqueIdentifier>{4c6a46fe-b824-48d0-b541-48d8ce8853dd}</UniqueIdentifier>
    </Filter>
    <Filter Include="Functions">
      <UniqueIdentifier>{0d459954-a50f-41fd-bd25-ddd245575be7}</UniqueIdentifier>
    </Filter>
    <Filter Include="GlobalPointers">
      <UniqueIdentifier>{723d8d03-a188-4e01-944e-651f0f823c37}</UniqueIdentifier>
    </Filter>
    <Filter Include="Models\UI\Windows">
      <UniqueIdentifier>{15ddefa8-cf02-49e7-927a-1cb0d3497eea}</UniqueIdentifier>
    </Filter>
    <Filter Include="Models\Options">
      <UniqueIdentifier>{db76a3fc-57c9-4be0-aee9-d97592cacb55}</UniqueIdentifier>
    </Filter>
  </ItemGroup>
  <ItemGroup>
    <ClInclude Include="src\GlobalPointers\GlobalPointers.h">
      <Filter>GlobalPointers</Filter>
    </ClInclude>
    <ClInclude Include="src\Functions\NewFunctions.h">
      <Filter>Functions</Filter>
    </ClInclude>
    <ClInclude Include="src\ModelsExtensions\BattleMenuExtensions.h">
      <Filter>ModelsExtensions</Filter>
    </ClInclude>
    <ClInclude Include="src\ModelsExtensions\ChooseMapMenuExtensions.h">
      <Filter>ModelsExtensions</Filter>
    </ClInclude>
    <ClInclude Include="src\ModelsExtensions\GadgetExtensions.h">
      <Filter>ModelsExtensions</Filter>
    </ClInclude>
    <ClInclude Include="src\ModelsExtensions\WindowExtensions.h">
      <Filter>ModelsExtensions</Filter>
    </ClInclude>
    <ClInclude Include="src\Models\Aura.h">
      <Filter>Models</Filter>
    </ClInclude>
    <ClInclude Include="src\Models\GameMath.h">
      <Filter>Models</Filter>
    </ClInclude>
    <ClInclude Include="src\Models\HapiFile.h">
      <Filter>Models</Filter>
    </ClInclude>
    <ClInclude Include="src\Models\MapPosition.h">
      <Filter>Models</Filter>
    </ClInclude>
    <ClInclude Include="src\Models\Measurement.h">
      <Filter>Models</Filter>
    </ClInclude>
    <ClInclude Include="src\Models\Mission.h">
      <Filter>Models</Filter>
    </ClInclude>
    <ClInclude Include="src\Models\MovementHandler.h">
      <Filter>Models</Filter>
    </ClInclude>
    <ClInclude Include="src\Models\NavGoal.h">
      <Filter>Models</Filter>
    </ClInclude>
    <ClInclude Include="src\Models\PathNavigator.h">
      <Filter>Models</Filter>
    </ClInclude>
    <ClInclude Include="src\Models\Player.h">
      <Filter>Models</Filter>
    </ClInclude>
    <ClInclude Include="src\Models\PlayerViewModel.h">
      <Filter>Models</Filter>
    </ClInclude>
    <ClInclude Include="src\Models\Side.h">
      <Filter>Models</Filter>
    </ClInclude>
    <ClInclude Include="src\Models\TAobjectScript.h">
      <Filter>Models</Filter>
    </ClInclude>
    <ClInclude Include="src\Models\Unit.h">
      <Filter>Models</Filter>
    </ClInclude>
    <ClInclude Include="src\Models\UnitInfo.h">
      <Filter>Models</Filter>
    </ClInclude>
    <ClInclude Include="src\Models\UnitRenderer.h">
      <Filter>Models</Filter>
    </ClInclude>
    <ClInclude Include="src\Models\Weapon.h">
      <Filter>Models</Filter>
    </ClInclude>
    <ClInclude Include="src\Models\WeaponType.h">
      <Filter>Models</Filter>
    </ClInclude>
    <ClInclude Include="src\Models\UI\BattleMenu.h">
      <Filter>Models\UI</Filter>
    </ClInclude>
    <ClInclude Include="src\Models\UI\BrushHandler.h">
      <Filter>Models\UI</Filter>
    </ClInclude>
    <ClInclude Include="src\Models\UI\BuildMenu.h">
      <Filter>Models\UI</Filter>
    </ClInclude>
    <ClInclude Include="src\Models\UI\ChooseMapMenu.h">
      <Filter>Models\UI</Filter>
    </ClInclude>
    <ClInclude Include="src\Models\UI\CursorHandler.h">
      <Filter>Models\UI</Filter>
    </ClInclude>
    <ClInclude Include="src\Models\UI\FontHandler.h">
      <Filter>Models\UI</Filter>
    </ClInclude>
    <ClInclude Include="src\Models\UI\Gadget.h">
      <Filter>Models\UI</Filter>
    </ClInclude>
    <ClInclude Include="src\Models\UI\GraphicsHandler.h">
      <Filter>Models\UI</Filter>
    </ClInclude>
    <ClInclude Include="src\Models\UI\ImageHandler.h">
      <Filter>Models\UI</Filter>
    </ClInclude>
    <ClInclude Include="src\Models\UI\InputHandler.h">
      <Filter>Models\UI</Filter>
    </ClInclude>
    <ClInclude Include="src\Models\UI\KingdomsDialog.h">
      <Filter>Models\UI</Filter>
    </ClInclude>
    <ClInclude Include="src\Models\UI\KingdomsPanel.h">
      <Filter>Models\UI</Filter>
    </ClInclude>
    <ClInclude Include="src\Models\UI\SoundHandler.h">
      <Filter>Models\UI</Filter>
    </ClInclude>
    <ClInclude Include="src\Models\UI\TextHandler.h">
      <Filter>Models\UI</Filter>
    </ClInclude>
    <ClInclude Include="src\Models\UI\Window.h">
      <Filter>Models\UI</Filter>
    </ClInclude>
    <ClInclude Include="src\common.h" />
    <ClInclude Include="src\Functions\FunctionsOffsets.h">
      <Filter>Functions</Filter>
    </ClInclude>
    <ClInclude Include="src\Models\UI\BuildButton.h">
      <Filter>Models\UI</Filter>
    </ClInclude>
    <ClInclude Include="src\Models\UI\GameInterfaceHandler.h">
      <Filter>Models\UI</Filter>
    </ClInclude>
    <ClInclude Include="src\Models\UI\WindowHandler.h">
      <Filter>Models\UI</Filter>
    </ClInclude>
    <ClInclude Include="src\Models\UI\Windows\InGameDesktop.h">
      <Filter>Models\UI\Windows</Filter>
    </ClInclude>
    <ClInclude Include="src\ModelsExtensions\InGameDesktopExtensions.h">
      <Filter>ModelsExtensions</Filter>
    </ClInclude>
    <ClInclude Include="src\Models\Options\GameOptions.h">
      <Filter>Models\Options</Filter>
    </ClInclude>
    <ClInclude Include="src\Models\Options\ConsoleOptions.h">
      <Filter>Models\Options</Filter>
    </ClInclude>
    <ClInclude Include="src\Models\Options\DevelopmentOptions.h">
      <Filter>Models\Options</Filter>
    </ClInclude>
    <ClInclude Include="src\Models\Options\GameSetupOptions.h">
      <Filter>Models\Options</Filter>
    </ClInclude>
    <ClInclude Include="src\Models\Options\InterfaceOptions.h">
      <Filter>Models\Options</Filter>
    </ClInclude>
    <ClInclude Include="src\Models\Options\MusicOptions.h">
      <Filter>Models\Options</Filter>
    </ClInclude>
    <ClInclude Include="src\Models\Options\SoundOptions.h">
      <Filter>Models\Options</Filter>
    </ClInclude>
    <ClInclude Include="src\Models\Options\VisualOptions.h">
      <Filter>Models\Options</Filter>
    </ClInclude>
  </ItemGroup>
  <ItemGroup>
    <ClCompile Include="main.cpp" />
  </ItemGroup>
</Project>