<?xml version="1.0" encoding="utf-8"?>
<Project ToolsVersion="4.0" xmlns="http://schemas.microsoft.com/developer/msbuild/2003">
  <ItemGroup>
    <ClCompile Include="main.cpp" />
    <ClCompile Include="TAKLibrary\source\Game.cpp">
      <Filter>Sources</Filter>
    </ClCompile>
    <ClCompile Include="TAKLibrary\source\GameInterface.cpp">
      <Filter>Sources</Filter>
    </ClCompile>
  </ItemGroup>
  <ItemGroup>
    <Filter Include="Headers">
      <UniqueIdentifier>{3ba435ad-5a27-4ecf-b0ab-c851c0bcc607}</UniqueIdentifier>
    </Filter>
    <Filter Include="Sources">
      <UniqueIdentifier>{bba2a4aa-114f-48b3-a598-54e441abd96e}</UniqueIdentifier>
    </Filter>
  </ItemGroup>
  <ItemGroup>
    <ClInclude Include="TAKLibrary\include\Game.hpp">
      <Filter>Headers</Filter>
    </ClInclude>
    <ClInclude Include="TAKLibrary\include\GameInterface.hpp">
      <Filter>Headers</Filter>
    </ClInclude>
  </ItemGroup>
</Project>