<?xml version="1.0" encoding="utf-8"?>
<Project ToolsVersion="4.0" xmlns="http://schemas.microsoft.com/developer/msbuild/2003">
  <ItemGroup>
    <Filter Include="Headers">
      <UniqueIdentifier>{4120adaf-510a-4141-a06e-b7dd65e4ec76}</UniqueIdentifier>
    </Filter>
    <Filter Include="Headers\Functions">
      <UniqueIdentifier>{6a3502ca-2436-49cd-9f9c-0f3fb529ba0f}</UniqueIdentifier>
    </Filter>
    <Filter Include="Headers\Models">
      <UniqueIdentifier>{1f58eec5-73e0-482f-859f-4a6b4f5b00f9}</UniqueIdentifier>
    </Filter>
    <Filter Include="Headers\ModelsExtensions">
      <UniqueIdentifier>{9d293d0e-0707-4c05-a76a-84b431f45a17}</UniqueIdentifier>
    </Filter>
    <Filter Include="Headers\Models\Options">
      <UniqueIdentifier>{35a7de7b-e40c-4ad1-85a4-00f4c6199176}</UniqueIdentifier>
    </Filter>
    <Filter Include="Headers\Models\UI">
      <UniqueIdentifier>{1a3a97cb-9bb3-4f95-ba43-6fde79fba83f}</UniqueIdentifier>
    </Filter>
    <Filter Include="Headers\Models\UI\Windows">
      <UniqueIdentifier>{6df0548c-b9b0-4b42-91dc-e2b236f0c854}</UniqueIdentifier>
    </Filter>
  </ItemGroup>
  <ItemGroup>
    <ClInclude Include="TAKCore\include\common.h">
      <Filter>Headers</Filter>
    </ClInclude>
    <ClInclude Include="TAKCore\include\Functions\FunctionsOffsets.h">
      <Filter>Headers\Functions</Filter>
    </ClInclude>
    <ClInclude Include="TAKCore\include\Functions\NewFunctions.h">
      <Filter>Headers\Functions</Filter>
    </ClInclude>
    <ClInclude Include="TAKCore\include\GlobalPointers\GlobalPointers.h">
      <Filter>Headers</Filter>
    </ClInclude>
    <ClInclude Include="TAKCore\include\Models\Aura.h">
      <Filter>Headers\Models</Filter>
    </ClInclude>
    <ClInclude Include="TAKCore\include\Models\GameMath.h">
      <Filter>Headers\Models</Filter>
    </ClInclude>
    <ClInclude Include="TAKCore\include\Models\HapiFile.h">
      <Filter>Headers\Models</Filter>
    </ClInclude>
    <ClInclude Include="TAKCore\include\Models\MapPosition.h">
      <Filter>Headers\Models</Filter>
    </ClInclude>
    <ClInclude Include="TAKCore\include\Models\Measurement.h">
      <Filter>Headers\Models</Filter>
    </ClInclude>
    <ClInclude Include="TAKCore\include\Models\Mission.h">
      <Filter>Headers\Models</Filter>
    </ClInclude>
    <ClInclude Include="TAKCore\include\Models\MovementHandler.h">
      <Filter>Headers\Models</Filter>
    </ClInclude>
    <ClInclude Include="TAKCore\include\Models\NavGoal.h">
      <Filter>Headers\Models</Filter>
    </ClInclude>
    <ClInclude Include="TAKCore\include\Models\PathNavigator.h">
      <Filter>Headers\Models</Filter>
    </ClInclude>
    <ClInclude Include="TAKCore\include\Models\Player.h">
      <Filter>Headers\Models</Filter>
    </ClInclude>
    <ClInclude Include="TAKCore\include\Models\PlayerViewModel.h">
      <Filter>Headers\Models</Filter>
    </ClInclude>
    <ClInclude Include="TAKCore\include\Models\Side.h">
      <Filter>Headers\Models</Filter>
    </ClInclude>
    <ClInclude Include="TAKCore\include\Models\TAobjectScript.h">
      <Filter>Headers\Models</Filter>
    </ClInclude>
    <ClInclude Include="TAKCore\include\Models\Unit.h">
      <Filter>Headers\Models</Filter>
    </ClInclude>
    <ClInclude Include="TAKCore\include\Models\UnitInfo.h">
      <Filter>Headers\Models</Filter>
    </ClInclude>
    <ClInclude Include="TAKCore\include\Models\UnitRenderer.h">
      <Filter>Headers\Models</Filter>
    </ClInclude>
    <ClInclude Include="TAKCore\include\Models\Weapon.h">
      <Filter>Headers\Models</Filter>
    </ClInclude>
    <ClInclude Include="TAKCore\include\Models\WeaponType.h">
      <Filter>Headers\Models</Filter>
    </ClInclude>
    <ClInclude Include="TAKCore\include\Models\Options\ConsoleOptions.h">
      <Filter>Headers\Models\Options</Filter>
    </ClInclude>
    <ClInclude Include="TAKCore\include\Models\Options\DevelopmentOptions.h">
      <Filter>Headers\Models\Options</Filter>
    </ClInclude>
    <ClInclude Include="TAKCore\include\Models\Options\GameOptions.h">
      <Filter>Headers\Models\Options</Filter>
    </ClInclude>
    <ClInclude Include="TAKCore\include\Models\Options\GameSetupOptions.h">
      <Filter>Headers\Models\Options</Filter>
    </ClInclude>
    <ClInclude Include="TAKCore\include\Models\Options\InterfaceOptions.h">
      <Filter>Headers\Models\Options</Filter>
    </ClInclude>
    <ClInclude Include="TAKCore\include\Models\Options\MusicOptions.h">
      <Filter>Headers\Models\Options</Filter>
    </ClInclude>
    <ClInclude Include="TAKCore\include\Models\Options\SoundOptions.h">
      <Filter>Headers\Models\Options</Filter>
    </ClInclude>
    <ClInclude Include="TAKCore\include\Models\Options\VisualOptions.h">
      <Filter>Headers\Models\Options</Filter>
    </ClInclude>
    <ClInclude Include="TAKCore\include\Models\UI\Windows\InGameDesktop.h">
      <Filter>Headers\Models\UI\Windows</Filter>
    </ClInclude>
    <ClInclude Include="TAKCore\include\Models\UI\BattleMenu.h">
      <Filter>Headers\Models\UI</Filter>
    </ClInclude>
    <ClInclude Include="TAKCore\include\Models\UI\BrushHandler.h">
      <Filter>Headers\Models\UI</Filter>
    </ClInclude>
    <ClInclude Include="TAKCore\include\Models\UI\BuildButton.h">
      <Filter>Headers\Models\UI</Filter>
    </ClInclude>
    <ClInclude Include="TAKCore\include\Models\UI\BuildMenu.h">
      <Filter>Headers\Models\UI</Filter>
    </ClInclude>
    <ClInclude Include="TAKCore\include\Models\UI\ChooseMapMenu.h">
      <Filter>Headers\Models\UI</Filter>
    </ClInclude>
    <ClInclude Include="TAKCore\include\Models\UI\CursorHandler.h">
      <Filter>Headers\Models\UI</Filter>
    </ClInclude>
    <ClInclude Include="TAKCore\include\Models\UI\FontHandler.h">
      <Filter>Headers\Models\UI</Filter>
    </ClInclude>
    <ClInclude Include="TAKCore\include\Models\UI\Gadget.h">
      <Filter>Headers\Models\UI</Filter>
    </ClInclude>
    <ClInclude Include="TAKCore\include\Models\UI\GameInterfaceHandler.h">
      <Filter>Headers\Models\UI</Filter>
    </ClInclude>
    <ClInclude Include="TAKCore\include\Models\UI\GraphicsHandler.h">
      <Filter>Headers\Models\UI</Filter>
    </ClInclude>
    <ClInclude Include="TAKCore\include\Models\UI\ImageHandler.h">
      <Filter>Headers\Models\UI</Filter>
    </ClInclude>
    <ClInclude Include="TAKCore\include\Models\UI\InputHandler.h">
      <Filter>Headers\Models\UI</Filter>
    </ClInclude>
    <ClInclude Include="TAKCore\include\Models\UI\KingdomsDialog.h">
      <Filter>Headers\Models\UI</Filter>
    </ClInclude>
    <ClInclude Include="TAKCore\include\Models\UI\KingdomsPanel.h">
      <Filter>Headers\Models\UI</Filter>
    </ClInclude>
    <ClInclude Include="TAKCore\include\Models\UI\SoundHandler.h">
      <Filter>Headers\Models\UI</Filter>
    </ClInclude>
    <ClInclude Include="TAKCore\include\Models\UI\TextHandler.h">
      <Filter>Headers\Models\UI</Filter>
    </ClInclude>
    <ClInclude Include="TAKCore\include\Models\UI\Window.h">
      <Filter>Headers\Models\UI</Filter>
    </ClInclude>
    <ClInclude Include="TAKCore\include\Models\UI\WindowHandler.h">
      <Filter>Headers\Models\UI</Filter>
    </ClInclude>
    <ClInclude Include="TAKCore\include\Functions\FunctionsSignatures.h">
      <Filter>Headers\Functions</Filter>
    </ClInclude>
    <ClInclude Include="TAKCore\include\GameDefs.h" />
    <ClInclude Include="TAKCore\include\Models\UI\SingleEdit.h" />
    <ClInclude Include="TAKCore\include\ModelsExtensions\ChooseMapMenuExtensions.h" />
    <ClInclude Include="TAKCore\include\ModelsExtensions\BattleMenuExtensions.h" />
    <ClInclude Include="TAKCore\include\ModelsExtensions\GadgetExtensions.h" />
    <ClInclude Include="TAKCore\include\ModelsExtensions\InGameDesktopExtensions.h" />
    <ClInclude Include="TAKCore\include\ModelsExtensions\WindowExtensions.h" />
    <ClInclude Include="TAKCore\include\TAKCore\Functions\NewFunctions.h" />
    <ClInclude Include="TAKCore\include\TAKCore\Functions\FunctionsOffsets.h" />
    <ClInclude Include="TAKCore\include\TAKCore\Functions\FunctionsSignatures.h" />
    <ClInclude Include="TAKCore\include\TAKCore\GlobalPointers\GlobalPointers.h" />
    <ClInclude Include="TAKCore\include\TAKCore\Models\Aura.h" />
    <ClInclude Include="TAKCore\include\TAKCore\Models\GameMath.h" />
    <ClInclude Include="TAKCore\include\TAKCore\Models\HapiFile.h" />
    <ClInclude Include="TAKCore\include\TAKCore\Models\MapPosition.h" />
    <ClInclude Include="TAKCore\include\TAKCore\Models\Measurement.h" />
    <ClInclude Include="TAKCore\include\TAKCore\Models\Mission.h" />
    <ClInclude Include="TAKCore\include\TAKCore\Models\MovementHandler.h" />
    <ClInclude Include="TAKCore\include\TAKCore\Models\NavGoal.h" />
    <ClInclude Include="TAKCore\include\TAKCore\Models\PathNavigator.h" />
    <ClInclude Include="TAKCore\include\TAKCore\Models\Player.h" />
    <ClInclude Include="TAKCore\include\TAKCore\Models\PlayerViewModel.h" />
    <ClInclude Include="TAKCore\include\TAKCore\Models\Side.h" />
    <ClInclude Include="TAKCore\include\TAKCore\Models\TAobjectScript.h" />
    <ClInclude Include="TAKCore\include\TAKCore\Models\Unit.h" />
    <ClInclude Include="TAKCore\include\TAKCore\Models\UnitInfo.h" />
    <ClInclude Include="TAKCore\include\TAKCore\Models\UnitRenderer.h" />
    <ClInclude Include="TAKCore\include\TAKCore\Models\Weapon.h" />
    <ClInclude Include="TAKCore\include\TAKCore\Models\WeaponType.h" />
    <ClInclude Include="TAKCore\include\TAKCore\Models\Options\ConsoleOptions.h" />
    <ClInclude Include="TAKCore\include\TAKCore\Models\Options\DevelopmentOptions.h" />
    <ClInclude Include="TAKCore\include\TAKCore\Models\Options\GameOptions.h" />
    <ClInclude Include="TAKCore\include\TAKCore\Models\Options\GameSetupOptions.h" />
    <ClInclude Include="TAKCore\include\TAKCore\Models\Options\InterfaceOptions.h" />
    <ClInclude Include="TAKCore\include\TAKCore\Models\Options\MusicOptions.h" />
    <ClInclude Include="TAKCore\include\TAKCore\Models\Options\SoundOptions.h" />
    <ClInclude Include="TAKCore\include\TAKCore\Models\Options\VisualOptions.h" />
    <ClInclude Include="TAKCore\include\TAKCore\Models\UI\Windows\InGameDesktop.h" />
    <ClInclude Include="TAKCore\include\TAKCore\Models\UI\BattleMenu.h" />
    <ClInclude Include="TAKCore\include\TAKCore\Models\UI\BrushHandler.h" />
    <ClInclude Include="TAKCore\include\TAKCore\Models\UI\BuildButton.h" />
    <ClInclude Include="TAKCore\include\TAKCore\Models\UI\BuildMenu.h" />
    <ClInclude Include="TAKCore\include\TAKCore\Models\UI\ChooseMapMenu.h" />
    <ClInclude Include="TAKCore\include\TAKCore\Models\UI\CursorHandler.h" />
    <ClInclude Include="TAKCore\include\TAKCore\Models\UI\FontHandler.h" />
    <ClInclude Include="TAKCore\include\TAKCore\Models\UI\Gadget.h" />
    <ClInclude Include="TAKCore\include\TAKCore\Models\UI\GameInterfaceHandler.h" />
    <ClInclude Include="TAKCore\include\TAKCore\Models\UI\GraphicsHandler.h" />
    <ClInclude Include="TAKCore\include\TAKCore\Models\UI\ImageHandler.h" />
    <ClInclude Include="TAKCore\include\TAKCore\Models\UI\InputHandler.h" />
    <ClInclude Include="TAKCore\include\TAKCore\Models\UI\KingdomsDialog.h" />
    <ClInclude Include="TAKCore\include\TAKCore\Models\UI\KingdomsPanel.h" />
    <ClInclude Include="TAKCore\include\TAKCore\Models\UI\SingleEdit.h" />
    <ClInclude Include="TAKCore\include\TAKCore\Models\UI\SoundHandler.h" />
    <ClInclude Include="TAKCore\include\TAKCore\Models\UI\TextHandler.h" />
    <ClInclude Include="TAKCore\include\TAKCore\Models\UI\Window.h" />
    <ClInclude Include="TAKCore\include\TAKCore\Models\UI\WindowHandler.h" />
    <ClInclude Include="TAKCore\include\TAKCore\ModelsExtensions\BattleMenuExtensions.h" />
    <ClInclude Include="TAKCore\include\TAKCore\ModelsExtensions\ChooseMapMenuExtensions.h" />
    <ClInclude Include="TAKCore\include\TAKCore\ModelsExtensions\GadgetExtensions.h" />
    <ClInclude Include="TAKCore\include\TAKCore\ModelsExtensions\InGameDesktopExtensions.h" />
    <ClInclude Include="TAKCore\include\TAKCore\ModelsExtensions\WindowExtensions.h" />
    <ClInclude Include="TAKCore\include\TAKCore\common.h" />
    <ClInclude Include="TAKCore\include\TAKCore\GameDefs.h" />
    <ClInclude Include="TAKCore\include\TAKCore\Commands.h" />
    <ClInclude Include="TAKCore\include\TAKCore\Functions\Functions.h" />
    <ClInclude Include="TAKCore\include\TAKCore\TAKCore.h" />
  </ItemGroup>
  <ItemGroup>
    <ClCompile Include="TAKCore\source\ModelsExtensions\WindowExtensions.cpp" />
    <ClCompile Include="TAKCore\source\ModelsExtensions\BattleMenuExtensions.cpp" />
    <ClCompile Include="TAKCore\source\ModelsExtensions\ChooseMapMenuExtensions.cpp" />
    <ClCompile Include="TAKCore\source\ModelsExtensions\GadgetExtensions.cpp" />
    <ClCompile Include="TAKCore\source\ModelsExtensions\InGameDesktopExtensions.cpp" />
    <ClCompile Include="TAKCore\source\Functions\NewFunctions.cpp" />
    <ClCompile Include="TAKCore\source\Functions\FunctionsOffsets.cpp" />
    <ClCompile Include="TAKCore\source\TAKCore.cpp" />
    <ClCompile Include="TAKCore\source\Functions\Functions.cpp" />
  </ItemGroup>
</Project>