<?xml version="1.0" encoding="utf-8"?>
<Project ToolsVersion="4.0" xmlns="http://schemas.microsoft.com/developer/msbuild/2003">
  <ItemGroup>
    <Filter Include="Changes">
      <UniqueIdentifier>{bf4e061c-2e58-4db6-bc3a-9ce24cb911de}</UniqueIdentifier>
    </Filter>
    <Filter Include="Extensions">
      <UniqueIdentifier>{875187ea-035b-4719-ad88-681262481117}</UniqueIdentifier>
    </Filter>
    <Filter Include="Launcher">
      <UniqueIdentifier>{3e9ed742-a47c-41ab-b84f-baec9fd746f7}</UniqueIdentifier>
    </Filter>
    <Filter Include="Wrappers">
      <UniqueIdentifier>{a060f0dd-21c5-4b92-9077-35e0842cd19c}</UniqueIdentifier>
    </Filter>
    <Filter Include="Managers">
      <UniqueIdentifier>{c340003a-4bf0-4a29-8b84-b451189adf27}</UniqueIdentifier>
    </Filter>
  </ItemGroup>
  <ItemGroup>
    <ClInclude Include="src\Changes.h" />
    <ClInclude Include="src\common.h" />
    <ClInclude Include="src\Context.h" />
    <ClInclude Include="src\GameFunctions.h" />
    <ClInclude Include="src\MemoryHandler.h" />
    <ClInclude Include="src\TakEnhancedService.h" />
    <ClInclude Include="src\Changes\BuildingsShortcuts.h">
      <Filter>Changes</Filter>
    </ClInclude>
    <ClInclude Include="src\Changes\HelperFeatures.h">
      <Filter>Changes</Filter>
    </ClInclude>
    <ClInclude Include="src\Changes\HumorInteractions.h">
      <Filter>Changes</Filter>
    </ClInclude>
    <ClInclude Include="src\Changes\MaxUnits.h">
      <Filter>Changes</Filter>
    </ClInclude>
    <ClInclude Include="src\Changes\MeleeStuckFix.h">
      <Filter>Changes</Filter>
    </ClInclude>
    <ClInclude Include="src\Changes\NewHpiVerification.h">
      <Filter>Changes</Filter>
    </ClInclude>
    <ClInclude Include="src\Changes\NoCD.h">
      <Filter>Changes</Filter>
    </ClInclude>
    <ClInclude Include="src\Changes\NoPauseWhenUnfocused.h">
      <Filter>Changes</Filter>
    </ClInclude>
    <ClInclude Include="src\Changes\OffscreenFix.h">
      <Filter>Changes</Filter>
    </ClInclude>
    <ClInclude Include="src\Changes\PathFindingChanger.h">
      <Filter>Changes</Filter>
    </ClInclude>
    <ClInclude Include="src\Changes\RandomRace.h">
      <Filter>Changes</Filter>
    </ClInclude>
    <ClInclude Include="src\Changes\RotatingBuildings.h">
      <Filter>Changes</Filter>
    </ClInclude>
    <ClInclude Include="src\Changes\SearchBox.h">
      <Filter>Changes</Filter>
    </ClInclude>
    <ClInclude Include="src\Extensions\GameInitExtension.h">
      <Filter>Extensions</Filter>
    </ClInclude>
    <ClInclude Include="src\Extensions\GameUpdateLoopExtension.h">
      <Filter>Extensions</Filter>
    </ClInclude>
    <ClInclude Include="src\Extensions\LoadingScreenExtensions.h">
      <Filter>Extensions</Filter>
    </ClInclude>
    <ClInclude Include="src\Extensions\ReadSideDataExtension.h">
      <Filter>Extensions</Filter>
    </ClInclude>
    <ClInclude Include="src\Extensions\UpdateGuiExtension.h">
      <Filter>Extensions</Filter>
    </ClInclude>
    <ClInclude Include="src\Extensions\WeaponExtensions.h">
      <Filter>Extensions</Filter>
    </ClInclude>
    <ClInclude Include="src\Launcher\main_form.h">
      <Filter>Launcher</Filter>
    </ClInclude>
    <ClInclude Include="src\Launcher\nana_common.h">
      <Filter>Launcher</Filter>
    </ClInclude>
    <ClInclude Include="src\Launcher\tab_page_mods.h">
      <Filter>Launcher</Filter>
    </ClInclude>
    <ClInclude Include="src\Launcher\tab_page_patches.h">
      <Filter>Launcher</Filter>
    </ClInclude>
    <ClInclude Include="src\Wrappers\BattleMenuWrapper.h">
      <Filter>Wrappers</Filter>
    </ClInclude>
    <ClInclude Include="src\Wrappers\ChooseMapMenuWrapper.h">
      <Filter>Wrappers</Filter>
    </ClInclude>
    <ClInclude Include="src\Wrappers\Info.h">
      <Filter>Wrappers</Filter>
    </ClInclude>
    <ClInclude Include="src\Wrappers\MapPositionWrapper.h">
      <Filter>Wrappers</Filter>
    </ClInclude>
    <ClInclude Include="src\Wrappers\MatchWrapper.h">
      <Filter>Wrappers</Filter>
    </ClInclude>
    <ClInclude Include="src\Wrappers\PlayerWrapper.h">
      <Filter>Wrappers</Filter>
    </ClInclude>
    <ClInclude Include="src\Wrappers\UnitWrapper.h">
      <Filter>Wrappers</Filter>
    </ClInclude>
    <ClInclude Include="src\Wrappers\WeaponWrapper.h">
      <Filter>Wrappers</Filter>
    </ClInclude>
    <ClInclude Include="src\Wrappers\GameWrapper.h">
      <Filter>Wrappers</Filter>
    </ClInclude>
    <ClInclude Include="src\Managers\GafManager.h">
      <Filter>Managers</Filter>
    </ClInclude>
    <ClInclude Include="src\Managers\PlayerInterfaceManager.h">
      <Filter>Managers</Filter>
    </ClInclude>
    <ClInclude Include="src\Wrappers\BuildButtonWrapper.h">
      <Filter>Wrappers</Filter>
    </ClInclude>
    <ClInclude Include="src\Wrappers\BuildMenuWrapper.h">
      <Filter>Wrappers</Filter>
    </ClInclude>
  </ItemGroup>
  <ItemGroup>
    <ClCompile Include="src\TAKEnhancedDll.cpp" />
  </ItemGroup>
</Project>