<?xml version="1.0" encoding="utf-8"?>
<Project ToolsVersion="4.0" xmlns="http://schemas.microsoft.com/developer/msbuild/2003">
  <ItemGroup>
    <Filter Include="Sources">
      <UniqueIdentifier>{f00148e5-e3c4-4daf-9369-8809976b0051}</UniqueIdentifier>
    </Filter>
    <Filter Include="Headers">
      <UniqueIdentifier>{4bda100d-15ec-4046-ab5b-8aadbf75760e}</UniqueIdentifier>
    </Filter>
    <Filter Include="Sources\Changes">
      <UniqueIdentifier>{fafcb9d8-c5d9-4afb-8c6f-705f56128fc0}</UniqueIdentifier>
    </Filter>
    <Filter Include="Sources\Hooks">
      <UniqueIdentifier>{142087a5-50ee-4c7a-8c7a-6f917471cf30}</UniqueIdentifier>
    </Filter>
    <Filter Include="Sources\Launcher">
      <UniqueIdentifier>{3704b1e6-7f0b-46e4-8be6-2ce94214b145}</UniqueIdentifier>
    </Filter>
    <Filter Include="Sources\Managers">
      <UniqueIdentifier>{36324625-110e-4cc1-9f23-37b6fd0a2977}</UniqueIdentifier>
    </Filter>
    <Filter Include="Sources\Wrappers">
      <UniqueIdentifier>{a9eed7da-7a48-41ca-b857-a70efa52af5d}</UniqueIdentifier>
    </Filter>
    <Filter Include="Sources\Models">
      <UniqueIdentifier>{a1deeed4-c304-4017-8dcb-96d7cde3fcc6}</UniqueIdentifier>
    </Filter>
    <Filter Include="Headers\Hooks">
      <UniqueIdentifier>{0ce60683-19b6-4015-8ff1-a915906eb050}</UniqueIdentifier>
    </Filter>
    <Filter Include="Headers\Models">
      <UniqueIdentifier>{84cd6c71-750f-46ea-8773-b24699797328}</UniqueIdentifier>
    </Filter>
    <Filter Include="Headers\Settings">
      <UniqueIdentifier>{9cd829cb-3480-4105-adaa-3c8eaa8bc67f}</UniqueIdentifier>
    </Filter>
  </ItemGroup>
  <ItemGroup>
    <ClCompile Include="TAKEnhancedDll\source\DllMain.cpp">
      <Filter>Sources</Filter>
    </ClCompile>
    <ClCompile Include="TAKEnhancedDll\source\Keys\KeyCombination.cpp">
      <Filter>Sources\Models</Filter>
    </ClCompile>
    <ClCompile Include="TAKEnhancedDll\source\Commands\Command.cpp">
      <Filter>Sources\Models</Filter>
    </ClCompile>
    <ClCompile Include="TAKEnhancedDll\source\Utils.cpp">
      <Filter>Sources</Filter>
    </ClCompile>
    <ClCompile Include="TAKEnhancedDll\source\Commands\CommandStringParser.cpp" />
    <ClCompile Include="TAKEnhancedDll\source\Commands\Commands.cpp" />
    <ClCompile Include="TAKEnhancedDll\source\Wrappers\UnitWrapper.cpp" />
    <ClCompile Include="TAKEnhancedDll\source\Wrappers\BattleMenuWrapper.cpp" />
    <ClCompile Include="TAKEnhancedDll\source\Wrappers\BuildButtonWrapper.cpp" />
    <ClCompile Include="TAKEnhancedDll\source\Wrappers\BuildMenuWrapper.cpp" />
    <ClCompile Include="TAKEnhancedDll\source\Wrappers\ChooseMapMenuWrapper.cpp" />
    <ClCompile Include="TAKEnhancedDll\source\Wrappers\Defs.cpp" />
    <ClCompile Include="TAKEnhancedDll\source\Wrappers\GameFunctions.cpp" />
    <ClCompile Include="TAKEnhancedDll\source\Wrappers\GameWrapper.cpp" />
    <ClCompile Include="TAKEnhancedDll\source\Wrappers\MapPositionWrapper.cpp" />
    <ClCompile Include="TAKEnhancedDll\source\Wrappers\MatchWrapper.cpp" />
    <ClCompile Include="TAKEnhancedDll\source\Wrappers\PlayerWrapper.cpp" />
    <ClCompile Include="TAKEnhancedDll\source\Managers\WindowManager.cpp" />
    <ClCompile Include="TAKEnhancedDll\source\Managers\GameInterfaceManager.cpp" />
    <ClCompile Include="TAKEnhancedDll\source\Keys\KeyCombinationStringParser.cpp" />
    <ClCompile Include="TAKEnhancedDll\source\Configs\CustomizableHpBarsSettings.cpp" />
    <ClCompile Include="TAKEnhancedDll\source\Commands\Params.cpp" />
    <ClCompile Include="TAKEnhancedDll\source\Commands\Param.cpp" />
    <ClCompile Include="TAKEnhancedDll\source\App.cpp">
      <Filter>Sources</Filter>
    </ClCompile>
    <ClCompile Include="TAKEnhancedDll\source\Keys\Keys.cpp" />
    <ClCompile Include="TAKEnhancedDll\source\Commands\CommandJsonParser.cpp" />
    <ClCompile Include="TAKEnhancedDll\source\Keys\KeyCombinationJsonParser.cpp" />
    <ClCompile Include="TAKEnhancedDll\source\Presets\Presets.cpp" />
    <ClCompile Include="TAKEnhancedDll\source\Presets\PresetApplier.cpp" />
    <ClCompile Include="TAKEnhancedDll\source\Memory\Memory.cpp">
      <Filter>Sources</Filter>
    </ClCompile>
    <ClCompile Include="TAKEnhancedDll\source\Memory\ShellCode.cpp" />
    <ClCompile Include="TAKEnhancedDll\source\Memory\MemoryHandler.cpp" />
    <ClCompile Include="TAKEnhancedDll\source\TAKEnhancedService.cpp" />
    <ClCompile Include="TAKEnhancedDll\source\Changes.cpp">
      <Filter>Sources</Filter>
    </ClCompile>
    <ClCompile Include="TAKEnhancedDll\source\Hooks\WeaponsHook.cpp" />
    <ClCompile Include="TAKEnhancedDll\source\Hooks\GameInitHook.cpp" />
    <ClCompile Include="TAKEnhancedDll\source\Hooks\GameUpdateLoopHook.cpp" />
    <ClCompile Include="TAKEnhancedDll\source\Hooks\KeyboardInputHook.cpp" />
    <ClCompile Include="TAKEnhancedDll\source\Hooks\LoadingScreenHook.cpp" />
    <ClCompile Include="TAKEnhancedDll\source\Hooks\ReadSideDataHook.cpp" />
    <ClCompile Include="TAKEnhancedDll\source\Hooks\ShowHpHook.cpp" />
    <ClCompile Include="TAKEnhancedDll\source\Hooks\UpdateGuiHook.cpp" />
    <ClCompile Include="TAKEnhancedDll\source\Changes\HumorInteractions.cpp" />
    <ClCompile Include="TAKEnhancedDll\source\Changes\MaxUnits.cpp" />
    <ClCompile Include="TAKEnhancedDll\source\Changes\MeleeStuckFix.cpp" />
    <ClCompile Include="TAKEnhancedDll\source\Changes\ModLoader.cpp" />
    <ClCompile Include="TAKEnhancedDll\source\Changes\NoCD.cpp" />
    <ClCompile Include="TAKEnhancedDll\source\Changes\NoPauseWhenUnfocused.cpp" />
    <ClCompile Include="TAKEnhancedDll\source\Changes\OffscreenFix.cpp" />
    <ClCompile Include="TAKEnhancedDll\source\Changes\PathFindingChanger.cpp" />
    <ClCompile Include="TAKEnhancedDll\source\Changes\RandomRace.cpp" />
    <ClCompile Include="TAKEnhancedDll\source\Changes\RotatingBuildings.cpp" />
    <ClCompile Include="TAKEnhancedDll\source\Changes\SearchBox.cpp" />
    <ClCompile Include="TAKEnhancedDll\source\Changes\ShowEveryoneHealthBars.cpp" />
    <ClCompile Include="TAKEnhancedDll\source\Changes\ToggleUnitsAuras.cpp" />
  </ItemGroup>
  <ItemGroup>
    <ClInclude Include="TAKEnhancedDll\include\TAKEnhancedDll\Wrappers\GameFunctions.h">
      <Filter>Sources</Filter>
    </ClInclude>
    <ClInclude Include="TAKEnhancedDll\include\TAKEnhancedDll\Changes\HumorInteractions.hpp">
      <Filter>Sources\Changes</Filter>
    </ClInclude>
    <ClInclude Include="TAKEnhancedDll\include\TAKEnhancedDll\Changes\MaxUnits.hpp">
      <Filter>Sources\Changes</Filter>
    </ClInclude>
    <ClInclude Include="TAKEnhancedDll\include\TAKEnhancedDll\Changes\MeleeStuckFix.hpp">
      <Filter>Sources\Changes</Filter>
    </ClInclude>
    <ClInclude Include="TAKEnhancedDll\include\TAKEnhancedDll\Changes\NoCD.hpp">
      <Filter>Sources\Changes</Filter>
    </ClInclude>
    <ClInclude Include="TAKEnhancedDll\include\TAKEnhancedDll\Changes\NoPauseWhenUnfocused.hpp">
      <Filter>Sources\Changes</Filter>
    </ClInclude>
    <ClInclude Include="TAKEnhancedDll\include\TAKEnhancedDll\Changes\OffscreenFix.hpp">
      <Filter>Sources\Changes</Filter>
    </ClInclude>
    <ClInclude Include="TAKEnhancedDll\include\TAKEnhancedDll\Changes\PathFindingChanger.hpp">
      <Filter>Sources\Changes</Filter>
    </ClInclude>
    <ClInclude Include="TAKEnhancedDll\include\TAKEnhancedDll\Changes\RandomRace.hpp">
      <Filter>Sources\Changes</Filter>
    </ClInclude>
    <ClInclude Include="TAKEnhancedDll\include\TAKEnhancedDll\Changes\RotatingBuildings.hpp">
      <Filter>Sources\Changes</Filter>
    </ClInclude>
    <ClInclude Include="TAKEnhancedDll\include\TAKEnhancedDll\Changes\SearchBox.hpp">
      <Filter>Sources\Changes</Filter>
    </ClInclude>
    <ClInclude Include="TAKEnhancedDll\include\TAKEnhancedDll\Changes\ToggleUnitsAuras.hpp">
      <Filter>Sources\Changes</Filter>
    </ClInclude>
    <ClInclude Include="TAKEnhancedDll\source\Launcher\main_form.h">
      <Filter>Sources\Launcher</Filter>
    </ClInclude>
    <ClInclude Include="TAKEnhancedDll\source\Launcher\tab_page_keys.h">
      <Filter>Sources\Launcher</Filter>
    </ClInclude>
    <ClInclude Include="TAKEnhancedDll\source\Launcher\tab_page_mods.h">
      <Filter>Sources\Launcher</Filter>
    </ClInclude>
    <ClInclude Include="TAKEnhancedDll\source\Launcher\tab_page_patches.h">
      <Filter>Sources\Launcher</Filter>
    </ClInclude>
    <ClInclude Include="TAKEnhancedDll\include\TAKEnhancedDll\Managers\GameInterfaceManager.h">
      <Filter>Sources\Managers</Filter>
    </ClInclude>
    <ClInclude Include="TAKEnhancedDll\include\TAKEnhancedDll\Managers\WindowManager.h">
      <Filter>Sources\Managers</Filter>
    </ClInclude>
    <ClInclude Include="TAKEnhancedDll\include\TAKEnhancedDll\Wrappers\BattleMenuWrapper.h">
      <Filter>Sources\Wrappers</Filter>
    </ClInclude>
    <ClInclude Include="TAKEnhancedDll\include\TAKEnhancedDll\Wrappers\BuildButtonWrapper.h">
      <Filter>Sources\Wrappers</Filter>
    </ClInclude>
    <ClInclude Include="TAKEnhancedDll\include\TAKEnhancedDll\Wrappers\BuildMenuWrapper.h">
      <Filter>Sources\Wrappers</Filter>
    </ClInclude>
    <ClInclude Include="TAKEnhancedDll\include\TAKEnhancedDll\Wrappers\ChooseMapMenuWrapper.h">
      <Filter>Sources\Wrappers</Filter>
    </ClInclude>
    <ClInclude Include="TAKEnhancedDll\include\TAKEnhancedDll\Wrappers\GameWrapper.h">
      <Filter>Sources\Wrappers</Filter>
    </ClInclude>
    <ClInclude Include="TAKEnhancedDll\include\TAKEnhancedDll\Wrappers\Defs.h">
      <Filter>Sources\Wrappers</Filter>
    </ClInclude>
    <ClInclude Include="TAKEnhancedDll\include\TAKEnhancedDll\Wrappers\MapPositionWrapper.h">
      <Filter>Sources\Wrappers</Filter>
    </ClInclude>
    <ClInclude Include="TAKEnhancedDll\include\TAKEnhancedDll\Wrappers\MatchWrapper.h">
      <Filter>Sources\Wrappers</Filter>
    </ClInclude>
    <ClInclude Include="TAKEnhancedDll\include\TAKEnhancedDll\Wrappers\PlayerWrapper.h">
      <Filter>Sources\Wrappers</Filter>
    </ClInclude>
    <ClInclude Include="TAKEnhancedDll\include\TAKEnhancedDll\Wrappers\UnitWrapper.h">
      <Filter>Sources\Wrappers</Filter>
    </ClInclude>
    <ClInclude Include="TAKEnhancedDll\include\TAKEnhancedDll\Wrappers\WeaponWrapper.h">
      <Filter>Sources\Wrappers</Filter>
    </ClInclude>
    <ClInclude Include="TAKEnhancedDll\include\TAKEnhancedDll\Hooks\GameInitHook.hpp">
      <Filter>Sources\Hooks</Filter>
    </ClInclude>
    <ClInclude Include="TAKEnhancedDll\include\TAKEnhancedDll\Hooks\GameUpdateLoopHook.hpp">
      <Filter>Sources\Hooks</Filter>
    </ClInclude>
    <ClInclude Include="TAKEnhancedDll\include\TAKEnhancedDll\Hooks\LoadingScreenHook.hpp">
      <Filter>Sources\Hooks</Filter>
    </ClInclude>
    <ClInclude Include="TAKEnhancedDll\include\TAKEnhancedDll\Hooks\ReadSideDataHook.hpp">
      <Filter>Sources\Hooks</Filter>
    </ClInclude>
    <ClInclude Include="TAKEnhancedDll\include\TAKEnhancedDll\Hooks\UpdateGuiHook.hpp">
      <Filter>Sources\Hooks</Filter>
    </ClInclude>
    <ClInclude Include="TAKEnhancedDll\include\TAKEnhancedDll\Hooks\WeaponsHook.hpp">
      <Filter>Sources\Hooks</Filter>
    </ClInclude>
    <ClInclude Include="TAKEnhancedDll\include\TAKEnhancedDll\Changes\ShowEveryoneHealthBars.hpp">
      <Filter>Sources\Changes</Filter>
    </ClInclude>
    <ClInclude Include="TAKEnhancedDll\include\TAKEnhancedDll\Hooks\KeyboardInputHook.hpp">
      <Filter>Headers\Hooks</Filter>
    </ClInclude>
    <ClInclude Include="TAKEnhancedDll\include\TAKEnhancedDll\Commands\Command.hpp">
      <Filter>Headers\Models</Filter>
    </ClInclude>
    <ClInclude Include="TAKEnhancedDll\include\TAKEnhancedDll\KeyBinding.hpp">
      <Filter>Headers\Models</Filter>
    </ClInclude>
    <ClInclude Include="TAKEnhancedDll\include\TAKEnhancedDll\Keys\KeyCombination.hpp">
      <Filter>Headers\Models</Filter>
    </ClInclude>
    <ClInclude Include="TAKEnhancedDll\include\TAKEnhancedDll\common.hpp">
      <Filter>Headers</Filter>
    </ClInclude>
    <ClInclude Include="TAKEnhancedDll\include\TAKEnhancedDll\Utils.hpp">
      <Filter>Headers</Filter>
    </ClInclude>
    <ClInclude Include="TAKEnhancedDll\include\TAKEnhancedDll\Hooks\ShowHpHook.hpp">
      <Filter>Sources\Hooks</Filter>
    </ClInclude>
    <ClInclude Include="TAKEnhancedDll\include\TAKEnhancedDll\Changes\ModLoader.hpp" />
    <ClInclude Include="TAKEnhancedDll\include\TAKEnhancedDll\Launcher\nana_common.hpp">
      <Filter>Sources\Launcher</Filter>
    </ClInclude>
    <ClInclude Include="TAKEnhancedDll\source\Launcher\Components\success_modal.hpp">
      <Filter>Sources\Launcher</Filter>
    </ClInclude>
    <ClInclude Include="TAKEnhancedDll\source\Launcher\tab_page_hp_bars.h">
      <Filter>Sources\Launcher</Filter>
    </ClInclude>
    <ClInclude Include="TAKEnhancedDll\source\Launcher\Components\modal_save_as_preset.hpp">
      <Filter>Sources\Launcher</Filter>
    </ClInclude>
    <ClInclude Include="TAKEnhancedDll\include\TAKEnhancedDll\Configs\GameConfig.hpp" />
    <ClInclude Include="TAKEnhancedDll\include\TAKEnhancedDll\Configs\CustomizableHpBarsSettings.hpp" />
    <ClInclude Include="TAKEnhancedDll\include\TAKEnhancedDll\Configs\GameSetting.hpp" />
    <ClInclude Include="TAKEnhancedDll\include\TAKEnhancedDll\Configs\LauncherConfig.hpp" />
    <ClInclude Include="TAKEnhancedDll\include\TAKEnhancedDll\GlobalState.hpp" />
    <ClInclude Include="TAKEnhancedDll\include\TAKEnhancedDll\Commands\Commands.hpp" />
    <ClInclude Include="TAKEnhancedDll\include\TAKEnhancedDll\Commands\Params.hpp" />
    <ClInclude Include="TAKEnhancedDll\include\TAKEnhancedDll\Commands\CommandStringParser.hpp" />
    <ClInclude Include="TAKEnhancedDll\include\TAKEnhancedDll\Commands\Param.hpp" />
    <ClInclude Include="TAKEnhancedDll\include\TAKEnhancedDll\Keys\KeyCombinationStringParser.hpp" />
    <ClInclude Include="TAKEnhancedDll\include\TAKEnhancedDll\Keys\Keys.hpp" />
    <ClInclude Include="TAKEnhancedDll\include\TAKEnhancedDll\Keys\Key.hpp" />
    <ClInclude Include="TAKEnhancedDll\source\Launcher\Components\e_dialog.hpp" />
    <ClInclude Include="TAKEnhancedDll\include\TAKEnhancedDll\Commands\CommandJsonParser.hpp" />
    <ClInclude Include="TAKEnhancedDll\include\TAKEnhancedDll\Keys\KeyCombinationJsonParser.hpp" />
    <ClInclude Include="TAKEnhancedDll\include\TAKEnhancedDll\Configs\UserConfig.hpp" />
    <ClInclude Include="TAKEnhancedDll\include\TAKEnhancedDll\App.hpp" />
    <ClInclude Include="TAKEnhancedDll\include\TAKEnhancedDll\Presets\Presets.hpp" />
    <ClInclude Include="TAKEnhancedDll\include\TAKEnhancedDll\Presets\Preset.hpp" />
    <ClInclude Include="TAKEnhancedDll\include\TAKEnhancedDll\Presets\PresetApplier.hpp" />
    <ClInclude Include="resource.h" />
    <ClInclude Include="TAKEnhancedDll\include\TAKEnhancedDll\Memory\Memory.hpp" />
    <ClInclude Include="TAKEnhancedDll\include\TAKEnhancedDll\Memory\ShellCode.hpp" />
    <ClInclude Include="TAKEnhancedDll\include\TAKEnhancedDll\Memory\MemoryHandler.hpp" />
    <ClInclude Include="TAKEnhancedDll\include\TAKEnhancedDll\TAKEnhancedService.hpp">
      <Filter>Sources</Filter>
    </ClInclude>
    <ClInclude Include="TAKEnhancedDll\include\TAKEnhancedDll\Changes.hpp" />
  </ItemGroup>
  <ItemGroup>
    <ResourceCompile Include="resources\TAKEnhanced.dll.rc" />
  </ItemGroup>
</Project>